// !$*UTF8*$!
{
	archiveVersion = 1;
	classes = {
	};
	objectVersion = 48;
	objects = {

/* Begin PBXBuildFile section */
		2A4BCC19511C8A4527A8ACFF /* Pods_Friend.framework in Frameworks */ = {isa = PBXBuildFile; fileRef = 1ABEB2C20A88B9A243082314 /* Pods_Friend.framework */; };
		FE5C209520031499008EC68A /* CustomTabBarController.m in Sources */ = {isa = PBXBuildFile; fileRef = FE5C209120031499008EC68A /* CustomTabBarController.m */; };
		FE5C209620031499008EC68A /* CustomNavigationController.m in Sources */ = {isa = PBXBuildFile; fileRef = FE5C209420031499008EC68A /* CustomNavigationController.m */; };
		FE5C2099200314B4008EC68A /* HomeViewController.m in Sources */ = {isa = PBXBuildFile; fileRef = FE5C2098200314B4008EC68A /* HomeViewController.m */; };
		FE5C20A820031B87008EC68A /* NSString+Extension.m in Sources */ = {isa = PBXBuildFile; fileRef = FE5C209B20031B86008EC68A /* NSString+Extension.m */; };
		FE5C20A920031B87008EC68A /* UIView+Frame.m in Sources */ = {isa = PBXBuildFile; fileRef = FE5C209C20031B86008EC68A /* UIView+Frame.m */; };
		FE5C20AA20031B87008EC68A /* UIImage+Extension.m in Sources */ = {isa = PBXBuildFile; fileRef = FE5C209F20031B86008EC68A /* UIImage+Extension.m */; };
		FE5C20AC20031B87008EC68A /* UIColor+Hex.m in Sources */ = {isa = PBXBuildFile; fileRef = FE5C20A320031B87008EC68A /* UIColor+Hex.m */; };
		FE5C20AD20031B87008EC68A /* NSArray+Extension.m in Sources */ = {isa = PBXBuildFile; fileRef = FE5C20A520031B87008EC68A /* NSArray+Extension.m */; };
		FE5C20B620031BA9008EC68A /* AFHTTPClient.m in Sources */ = {isa = PBXBuildFile; fileRef = FE5C20B320031BA9008EC68A /* AFHTTPClient.m */; };
		FE5C20B720031BA9008EC68A /* BaseService.m in Sources */ = {isa = PBXBuildFile; fileRef = FE5C20B420031BA9008EC68A /* BaseService.m */; };
		FE5C20C62003245C008EC68A /* Reachability.m in Sources */ = {isa = PBXBuildFile; fileRef = FE5C20BE2003245C008EC68A /* Reachability.m */; };
		FE5C20C72003245C008EC68A /* MBProgressHUD.m in Sources */ = {isa = PBXBuildFile; fileRef = FE5C20C12003245C008EC68A /* MBProgressHUD.m */; };
		FE5C20C82003245C008EC68A /* MBProgressHUD+Add.m in Sources */ = {isa = PBXBuildFile; fileRef = FE5C20C22003245C008EC68A /* MBProgressHUD+Add.m */; };
		FE5C20C92003245C008EC68A /* MBProgressHUD.bundle in Resources */ = {isa = PBXBuildFile; fileRef = FE5C20C52003245C008EC68A /* MBProgressHUD.bundle */; };
		FE76503820030ED40014B33B /* AppDelegate.m in Sources */ = {isa = PBXBuildFile; fileRef = FE76503720030ED40014B33B /* AppDelegate.m */; };
		FE76504020030ED40014B33B /* Assets.xcassets in Resources */ = {isa = PBXBuildFile; fileRef = FE76503F20030ED40014B33B /* Assets.xcassets */; };
		FE76504320030ED40014B33B /* LaunchScreen.storyboard in Resources */ = {isa = PBXBuildFile; fileRef = FE76504120030ED40014B33B /* LaunchScreen.storyboard */; };
		FE76504620030ED40014B33B /* main.m in Sources */ = {isa = PBXBuildFile; fileRef = FE76504520030ED40014B33B /* main.m */; };
		FE76505020030ED40014B33B /* FriendTests.m in Sources */ = {isa = PBXBuildFile; fileRef = FE76504F20030ED40014B33B /* FriendTests.m */; };
		FE76505B20030ED40014B33B /* FriendUITests.m in Sources */ = {isa = PBXBuildFile; fileRef = FE76505A20030ED40014B33B /* FriendUITests.m */; };
		FEF8F2722003595400408AB0 /* UIBarButtonItem+Extension.m in Sources */ = {isa = PBXBuildFile; fileRef = FEF8F2712003595400408AB0 /* UIBarButtonItem+Extension.m */; };
		FEF8F27520035B2A00408AB0 /* MineViewController.m in Sources */ = {isa = PBXBuildFile; fileRef = FEF8F27420035B2A00408AB0 /* MineViewController.m */; };
/* End PBXBuildFile section */

/* Begin PBXContainerItemProxy section */
		FE76504C20030ED40014B33B /* PBXContainerItemProxy */ = {
			isa = PBXContainerItemProxy;
			containerPortal = FE76502B20030ED40014B33B /* Project object */;
			proxyType = 1;
			remoteGlobalIDString = FE76503220030ED40014B33B;
			remoteInfo = Friend;
		};
		FE76505720030ED40014B33B /* PBXContainerItemProxy */ = {
			isa = PBXContainerItemProxy;
			containerPortal = FE76502B20030ED40014B33B /* Project object */;
			proxyType = 1;
			remoteGlobalIDString = FE76503220030ED40014B33B;
			remoteInfo = Friend;
		};
/* End PBXContainerItemProxy section */

/* Begin PBXFileReference section */
		1ABEB2C20A88B9A243082314 /* Pods_Friend.framework */ = {isa = PBXFileReference; explicitFileType = wrapper.framework; includeInIndex = 0; path = Pods_Friend.framework; sourceTree = BUILT_PRODUCTS_DIR; };
		55356A175621E4F64504ABB5 /* Pods-Friend.release.xcconfig */ = {isa = PBXFileReference; includeInIndex = 1; lastKnownFileType = text.xcconfig; name = "Pods-Friend.release.xcconfig"; path = "Pods/Target Support Files/Pods-Friend/Pods-Friend.release.xcconfig"; sourceTree = "<group>"; };
		B782D1BCE480136A627D6BCD /* Pods-Friend.debug.xcconfig */ = {isa = PBXFileReference; includeInIndex = 1; lastKnownFileType = text.xcconfig; name = "Pods-Friend.debug.xcconfig"; path = "Pods/Target Support Files/Pods-Friend/Pods-Friend.debug.xcconfig"; sourceTree = "<group>"; };
		FE5C209020031499008EC68A /* CustomTabBarController.h */ = {isa = PBXFileReference; fileEncoding = 4; lastKnownFileType = sourcecode.c.h; path = CustomTabBarController.h; sourceTree = "<group>"; };
		FE5C209120031499008EC68A /* CustomTabBarController.m */ = {isa = PBXFileReference; fileEncoding = 4; lastKnownFileType = sourcecode.c.objc; path = CustomTabBarController.m; sourceTree = "<group>"; };
		FE5C209320031499008EC68A /* CustomNavigationController.h */ = {isa = PBXFileReference; fileEncoding = 4; lastKnownFileType = sourcecode.c.h; path = CustomNavigationController.h; sourceTree = "<group>"; };
		FE5C209420031499008EC68A /* CustomNavigationController.m */ = {isa = PBXFileReference; fileEncoding = 4; lastKnownFileType = sourcecode.c.objc; path = CustomNavigationController.m; sourceTree = "<group>"; };
		FE5C2097200314B4008EC68A /* HomeViewController.h */ = {isa = PBXFileReference; lastKnownFileType = sourcecode.c.h; path = HomeViewController.h; sourceTree = "<group>"; };
		FE5C2098200314B4008EC68A /* HomeViewController.m */ = {isa = PBXFileReference; lastKnownFileType = sourcecode.c.objc; path = HomeViewController.m; sourceTree = "<group>"; };
		FE5C209B20031B86008EC68A /* NSString+Extension.m */ = {isa = PBXFileReference; fileEncoding = 4; lastKnownFileType = sourcecode.c.objc; path = "NSString+Extension.m"; sourceTree = "<group>"; };
		FE5C209C20031B86008EC68A /* UIView+Frame.m */ = {isa = PBXFileReference; fileEncoding = 4; lastKnownFileType = sourcecode.c.objc; path = "UIView+Frame.m"; sourceTree = "<group>"; };
		FE5C209D20031B86008EC68A /* UIColor+Hex.h */ = {isa = PBXFileReference; fileEncoding = 4; lastKnownFileType = sourcecode.c.h; path = "UIColor+Hex.h"; sourceTree = "<group>"; };
		FE5C209E20031B86008EC68A /* NSArray+Extension.h */ = {isa = PBXFileReference; fileEncoding = 4; lastKnownFileType = sourcecode.c.h; path = "NSArray+Extension.h"; sourceTree = "<group>"; };
		FE5C209F20031B86008EC68A /* UIImage+Extension.m */ = {isa = PBXFileReference; fileEncoding = 4; lastKnownFileType = sourcecode.c.objc; path = "UIImage+Extension.m"; sourceTree = "<group>"; };
		FE5C20A020031B86008EC68A /* NSString+Extension.h */ = {isa = PBXFileReference; fileEncoding = 4; lastKnownFileType = sourcecode.c.h; path = "NSString+Extension.h"; sourceTree = "<group>"; };
		FE5C20A220031B87008EC68A /* UIImage+Extension.h */ = {isa = PBXFileReference; fileEncoding = 4; lastKnownFileType = sourcecode.c.h; path = "UIImage+Extension.h"; sourceTree = "<group>"; };
		FE5C20A320031B87008EC68A /* UIColor+Hex.m */ = {isa = PBXFileReference; fileEncoding = 4; lastKnownFileType = sourcecode.c.objc; path = "UIColor+Hex.m"; sourceTree = "<group>"; };
		FE5C20A520031B87008EC68A /* NSArray+Extension.m */ = {isa = PBXFileReference; fileEncoding = 4; lastKnownFileType = sourcecode.c.objc; path = "NSArray+Extension.m"; sourceTree = "<group>"; };
		FE5C20A720031B87008EC68A /* UIView+Frame.h */ = {isa = PBXFileReference; fileEncoding = 4; lastKnownFileType = sourcecode.c.h; path = "UIView+Frame.h"; sourceTree = "<group>"; };
		FE5C20AF20031BA9008EC68A /* AFHTTPClient.h */ = {isa = PBXFileReference; fileEncoding = 4; lastKnownFileType = sourcecode.c.h; path = AFHTTPClient.h; sourceTree = "<group>"; };
		FE5C20B220031BA9008EC68A /* BaseService.h */ = {isa = PBXFileReference; fileEncoding = 4; lastKnownFileType = sourcecode.c.h; path = BaseService.h; sourceTree = "<group>"; };
		FE5C20B320031BA9008EC68A /* AFHTTPClient.m */ = {isa = PBXFileReference; fileEncoding = 4; lastKnownFileType = sourcecode.c.objc; path = AFHTTPClient.m; sourceTree = "<group>"; };
		FE5C20B420031BA9008EC68A /* BaseService.m */ = {isa = PBXFileReference; fileEncoding = 4; lastKnownFileType = sourcecode.c.objc; path = BaseService.m; sourceTree = "<group>"; };
		FE5C20B820031C1A008EC68A /* ColorMacro.h */ = {isa = PBXFileReference; fileEncoding = 4; lastKnownFileType = sourcecode.c.h; path = ColorMacro.h; sourceTree = "<group>"; };
		FE5C20B920031C1A008EC68A /* DeviceMacro.h */ = {isa = PBXFileReference; fileEncoding = 4; lastKnownFileType = sourcecode.c.h; path = DeviceMacro.h; sourceTree = "<group>"; };
		FE5C20BA20031C1A008EC68A /* APIMacro.h */ = {isa = PBXFileReference; fileEncoding = 4; lastKnownFileType = sourcecode.c.h; path = APIMacro.h; sourceTree = "<group>"; };
		FE5C20BB20031C40008EC68A /* M.pch */ = {isa = PBXFileReference; fileEncoding = 4; lastKnownFileType = sourcecode.c.h; path = M.pch; sourceTree = "<group>"; };
		FE5C20BE2003245C008EC68A /* Reachability.m */ = {isa = PBXFileReference; fileEncoding = 4; lastKnownFileType = sourcecode.c.objc; path = Reachability.m; sourceTree = "<group>"; };
		FE5C20BF2003245C008EC68A /* Reachability.h */ = {isa = PBXFileReference; fileEncoding = 4; lastKnownFileType = sourcecode.c.h; path = Reachability.h; sourceTree = "<group>"; };
		FE5C20C12003245C008EC68A /* MBProgressHUD.m */ = {isa = PBXFileReference; fileEncoding = 4; lastKnownFileType = sourcecode.c.objc; path = MBProgressHUD.m; sourceTree = "<group>"; };
		FE5C20C22003245C008EC68A /* MBProgressHUD+Add.m */ = {isa = PBXFileReference; fileEncoding = 4; lastKnownFileType = sourcecode.c.objc; path = "MBProgressHUD+Add.m"; sourceTree = "<group>"; };
		FE5C20C32003245C008EC68A /* MBProgressHUD.h */ = {isa = PBXFileReference; fileEncoding = 4; lastKnownFileType = sourcecode.c.h; path = MBProgressHUD.h; sourceTree = "<group>"; };
		FE5C20C42003245C008EC68A /* MBProgressHUD+Add.h */ = {isa = PBXFileReference; fileEncoding = 4; lastKnownFileType = sourcecode.c.h; path = "MBProgressHUD+Add.h"; sourceTree = "<group>"; };
		FE5C20C52003245C008EC68A /* MBProgressHUD.bundle */ = {isa = PBXFileReference; lastKnownFileType = "wrapper.plug-in"; path = MBProgressHUD.bundle; sourceTree = "<group>"; };
		FE76503320030ED40014B33B /* Friend.app */ = {isa = PBXFileReference; explicitFileType = wrapper.application; includeInIndex = 0; path = Friend.app; sourceTree = BUILT_PRODUCTS_DIR; };
		FE76503620030ED40014B33B /* AppDelegate.h */ = {isa = PBXFileReference; lastKnownFileType = sourcecode.c.h; path = AppDelegate.h; sourceTree = "<group>"; };
		FE76503720030ED40014B33B /* AppDelegate.m */ = {isa = PBXFileReference; lastKnownFileType = sourcecode.c.objc; path = AppDelegate.m; sourceTree = "<group>"; };
		FE76503F20030ED40014B33B /* Assets.xcassets */ = {isa = PBXFileReference; lastKnownFileType = folder.assetcatalog; path = Assets.xcassets; sourceTree = "<group>"; };
		FE76504220030ED40014B33B /* Base */ = {isa = PBXFileReference; lastKnownFileType = file.storyboard; name = Base; path = Base.lproj/LaunchScreen.storyboard; sourceTree = "<group>"; };
		FE76504420030ED40014B33B /* Info.plist */ = {isa = PBXFileReference; lastKnownFileType = text.plist.xml; path = Info.plist; sourceTree = "<group>"; };
		FE76504520030ED40014B33B /* main.m */ = {isa = PBXFileReference; lastKnownFileType = sourcecode.c.objc; path = main.m; sourceTree = "<group>"; };
		FE76504B20030ED40014B33B /* FriendTests.xctest */ = {isa = PBXFileReference; explicitFileType = wrapper.cfbundle; includeInIndex = 0; path = FriendTests.xctest; sourceTree = BUILT_PRODUCTS_DIR; };
		FE76504F20030ED40014B33B /* FriendTests.m */ = {isa = PBXFileReference; lastKnownFileType = sourcecode.c.objc; path = FriendTests.m; sourceTree = "<group>"; };
		FE76505120030ED40014B33B /* Info.plist */ = {isa = PBXFileReference; lastKnownFileType = text.plist.xml; path = Info.plist; sourceTree = "<group>"; };
		FE76505620030ED40014B33B /* FriendUITests.xctest */ = {isa = PBXFileReference; explicitFileType = wrapper.cfbundle; includeInIndex = 0; path = FriendUITests.xctest; sourceTree = BUILT_PRODUCTS_DIR; };
		FE76505A20030ED40014B33B /* FriendUITests.m */ = {isa = PBXFileReference; lastKnownFileType = sourcecode.c.objc; path = FriendUITests.m; sourceTree = "<group>"; };
		FE76505C20030ED40014B33B /* Info.plist */ = {isa = PBXFileReference; lastKnownFileType = text.plist.xml; path = Info.plist; sourceTree = "<group>"; };
		FEF8F2702003595300408AB0 /* UIBarButtonItem+Extension.h */ = {isa = PBXFileReference; fileEncoding = 4; lastKnownFileType = sourcecode.c.h; path = "UIBarButtonItem+Extension.h"; sourceTree = "<group>"; };
		FEF8F2712003595400408AB0 /* UIBarButtonItem+Extension.m */ = {isa = PBXFileReference; fileEncoding = 4; lastKnownFileType = sourcecode.c.objc; path = "UIBarButtonItem+Extension.m"; sourceTree = "<group>"; };
		FEF8F27320035B2A00408AB0 /* MineViewController.h */ = {isa = PBXFileReference; lastKnownFileType = sourcecode.c.h; path = MineViewController.h; sourceTree = "<group>"; };
		FEF8F27420035B2A00408AB0 /* MineViewController.m */ = {isa = PBXFileReference; lastKnownFileType = sourcecode.c.objc; path = MineViewController.m; sourceTree = "<group>"; };
/* End PBXFileReference section */

/* Begin PBXFrameworksBuildPhase section */
		FE76503020030ED40014B33B /* Frameworks */ = {
			isa = PBXFrameworksBuildPhase;
			buildActionMask = 2147483647;
			files = (
				2A4BCC19511C8A4527A8ACFF /* Pods_Friend.framework in Frameworks */,
			);
			runOnlyForDeploymentPostprocessing = 0;
		};
		FE76504820030ED40014B33B /* Frameworks */ = {
			isa = PBXFrameworksBuildPhase;
			buildActionMask = 2147483647;
			files = (
			);
			runOnlyForDeploymentPostprocessing = 0;
		};
		FE76505320030ED40014B33B /* Frameworks */ = {
			isa = PBXFrameworksBuildPhase;
			buildActionMask = 2147483647;
			files = (
			);
			runOnlyForDeploymentPostprocessing = 0;
		};
/* End PBXFrameworksBuildPhase section */

/* Begin PBXGroup section */
		15426208513610EC18FFDC66 /* Frameworks */ = {
			isa = PBXGroup;
			children = (
				1ABEB2C20A88B9A243082314 /* Pods_Friend.framework */,
			);
			name = Frameworks;
			sourceTree = "<group>";
		};
		45A0117B31917801CCB4397D /* Pods */ = {
			isa = PBXGroup;
			children = (
				B782D1BCE480136A627D6BCD /* Pods-Friend.debug.xcconfig */,
				55356A175621E4F64504ABB5 /* Pods-Friend.release.xcconfig */,
			);
			name = Pods;
			sourceTree = "<group>";
		};
		FE5C2080200312AB008EC68A /* Category */ = {
			isa = PBXGroup;
			children = (
				FEF8F2702003595300408AB0 /* UIBarButtonItem+Extension.h */,
				FEF8F2712003595400408AB0 /* UIBarButtonItem+Extension.m */,
				FE5C20A020031B86008EC68A /* NSString+Extension.h */,
				FE5C209B20031B86008EC68A /* NSString+Extension.m */,
				FE5C20A220031B87008EC68A /* UIImage+Extension.h */,
				FE5C209F20031B86008EC68A /* UIImage+Extension.m */,
				FE5C209E20031B86008EC68A /* NSArray+Extension.h */,
				FE5C20A520031B87008EC68A /* NSArray+Extension.m */,
				FE5C209D20031B86008EC68A /* UIColor+Hex.h */,
				FE5C20A320031B87008EC68A /* UIColor+Hex.m */,
				FE5C20A720031B87008EC68A /* UIView+Frame.h */,
				FE5C209C20031B86008EC68A /* UIView+Frame.m */,
			);
			path = Category;
			sourceTree = "<group>";
		};
		FE5C2081200312B6008EC68A /* Tool */ = {
			isa = PBXGroup;
			children = (
				FE5C20AF20031BA9008EC68A /* AFHTTPClient.h */,
				FE5C20B320031BA9008EC68A /* AFHTTPClient.m */,
				FE5C20B220031BA9008EC68A /* BaseService.h */,
				FE5C20B420031BA9008EC68A /* BaseService.m */,
			);
			path = Tool;
			sourceTree = "<group>";
		};
		FE5C2082200312CA008EC68A /* Macro */ = {
			isa = PBXGroup;
			children = (
				FE5C20BB20031C40008EC68A /* M.pch */,
				FE5C20BA20031C1A008EC68A /* APIMacro.h */,
				FE5C20B820031C1A008EC68A /* ColorMacro.h */,
				FE5C20B920031C1A008EC68A /* DeviceMacro.h */,
			);
			path = Macro;
			sourceTree = "<group>";
		};
		FE5C2083200312CA008EC68A /* Network */ = {
			isa = PBXGroup;
			children = (
			);
			path = Network;
			sourceTree = "<group>";
		};
		FE5C2084200312CA008EC68A /* Class */ = {
			isa = PBXGroup;
			children = (
				FE5C208D20031439008EC68A /* Common */,
				FE5C208E20031439008EC68A /* Main */,
			);
			path = Class;
			sourceTree = "<group>";
		};
		FE5C2085200312DD008EC68A /* Other */ = {
			isa = PBXGroup;
			children = (
				FE76503620030ED40014B33B /* AppDelegate.h */,
				FE76503720030ED40014B33B /* AppDelegate.m */,
				FE76503F20030ED40014B33B /* Assets.xcassets */,
				FE76504120030ED40014B33B /* LaunchScreen.storyboard */,
				FE76504520030ED40014B33B /* main.m */,
			);
			name = Other;
			path = Friend/Other;
			sourceTree = SOURCE_ROOT;
		};
		FE5C208D20031439008EC68A /* Common */ = {
			isa = PBXGroup;
			children = (
				FE5C209220031499008EC68A /* Navigation */,
				FE5C208F20031499008EC68A /* Tabbar */,
			);
			path = Common;
			sourceTree = "<group>";
		};
		FE5C208E20031439008EC68A /* Main */ = {
			isa = PBXGroup;
			children = (
				FE5C2097200314B4008EC68A /* HomeViewController.h */,
				FE5C2098200314B4008EC68A /* HomeViewController.m */,
				FEF8F27320035B2A00408AB0 /* MineViewController.h */,
				FEF8F27420035B2A00408AB0 /* MineViewController.m */,
			);
			path = Main;
			sourceTree = "<group>";
		};
		FE5C208F20031499008EC68A /* Tabbar */ = {
			isa = PBXGroup;
			children = (
				FE5C209020031499008EC68A /* CustomTabBarController.h */,
				FE5C209120031499008EC68A /* CustomTabBarController.m */,
			);
			path = Tabbar;
			sourceTree = "<group>";
		};
		FE5C209220031499008EC68A /* Navigation */ = {
			isa = PBXGroup;
			children = (
				FE5C209320031499008EC68A /* CustomNavigationController.h */,
				FE5C209420031499008EC68A /* CustomNavigationController.m */,
			);
			path = Navigation;
			sourceTree = "<group>";
		};
		FE5C20BC20032443008EC68A /* Vendors */ = {
			isa = PBXGroup;
			children = (
				FE5C20C02003245C008EC68A /* MBProgressHUD */,
				FE5C20BD2003245C008EC68A /* Reachability */,
			);
			path = Vendors;
			sourceTree = "<group>";
		};
		FE5C20BD2003245C008EC68A /* Reachability */ = {
			isa = PBXGroup;
			children = (
				FE5C20BE2003245C008EC68A /* Reachability.m */,
				FE5C20BF2003245C008EC68A /* Reachability.h */,
			);
			path = Reachability;
			sourceTree = "<group>";
		};
		FE5C20C02003245C008EC68A /* MBProgressHUD */ = {
			isa = PBXGroup;
			children = (
				FE5C20C12003245C008EC68A /* MBProgressHUD.m */,
				FE5C20C22003245C008EC68A /* MBProgressHUD+Add.m */,
				FE5C20C32003245C008EC68A /* MBProgressHUD.h */,
				FE5C20C42003245C008EC68A /* MBProgressHUD+Add.h */,
				FE5C20C52003245C008EC68A /* MBProgressHUD.bundle */,
			);
			path = MBProgressHUD;
			sourceTree = "<group>";
		};
		FE76502A20030ED40014B33B = {
			isa = PBXGroup;
			children = (
				FE76503520030ED40014B33B /* Friend */,
				FE76504E20030ED40014B33B /* FriendTests */,
				FE76505920030ED40014B33B /* FriendUITests */,
				FE76503420030ED40014B33B /* Products */,
				45A0117B31917801CCB4397D /* Pods */,
				15426208513610EC18FFDC66 /* Frameworks */,
			);
			sourceTree = "<group>";
		};
		FE76503420030ED40014B33B /* Products */ = {
			isa = PBXGroup;
			children = (
				FE76503320030ED40014B33B /* Friend.app */,
				FE76504B20030ED40014B33B /* FriendTests.xctest */,
				FE76505620030ED40014B33B /* FriendUITests.xctest */,
			);
			name = Products;
			sourceTree = "<group>";
		};
		FE76503520030ED40014B33B /* Friend */ = {
			isa = PBXGroup;
			children = (
				FE5C20BC20032443008EC68A /* Vendors */,
				FE5C2081200312B6008EC68A /* Tool */,
				FE5C2084200312CA008EC68A /* Class */,
				FE5C2085200312DD008EC68A /* Other */,
				FE5C2082200312CA008EC68A /* Macro */,
				FE5C2083200312CA008EC68A /* Network */,
				FE5C2080200312AB008EC68A /* Category */,
				FE76504420030ED40014B33B /* Info.plist */,
			);
			path = Friend;
			sourceTree = "<group>";
		};
		FE76504E20030ED40014B33B /* FriendTests */ = {
			isa = PBXGroup;
			children = (
				FE76504F20030ED40014B33B /* FriendTests.m */,
				FE76505120030ED40014B33B /* Info.plist */,
			);
			path = FriendTests;
			sourceTree = "<group>";
		};
		FE76505920030ED40014B33B /* FriendUITests */ = {
			isa = PBXGroup;
			children = (
				FE76505A20030ED40014B33B /* FriendUITests.m */,
				FE76505C20030ED40014B33B /* Info.plist */,
			);
			path = FriendUITests;
			sourceTree = "<group>";
		};
/* End PBXGroup section */

/* Begin PBXNativeTarget section */
		FE76503220030ED40014B33B /* Friend */ = {
			isa = PBXNativeTarget;
			buildConfigurationList = FE76505F20030ED40014B33B /* Build configuration list for PBXNativeTarget "Friend" */;
			buildPhases = (
				1D4E837E37ACAEC66B091228 /* [CP] Check Pods Manifest.lock */,
				FE76502F20030ED40014B33B /* Sources */,
				FE76503020030ED40014B33B /* Frameworks */,
				FE76503120030ED40014B33B /* Resources */,
				EFA76A51351686D7947CB3C8 /* [CP] Embed Pods Frameworks */,
				D29C17CD5CBD10CA2D239590 /* [CP] Copy Pods Resources */,
			);
			buildRules = (
			);
			dependencies = (
			);
			name = Friend;
			productName = Friend;
			productReference = FE76503320030ED40014B33B /* Friend.app */;
			productType = "com.apple.product-type.application";
		};
		FE76504A20030ED40014B33B /* FriendTests */ = {
			isa = PBXNativeTarget;
			buildConfigurationList = FE76506220030ED40014B33B /* Build configuration list for PBXNativeTarget "FriendTests" */;
			buildPhases = (
				FE76504720030ED40014B33B /* Sources */,
				FE76504820030ED40014B33B /* Frameworks */,
				FE76504920030ED40014B33B /* Resources */,
			);
			buildRules = (
			);
			dependencies = (
				FE76504D20030ED40014B33B /* PBXTargetDependency */,
			);
			name = FriendTests;
			productName = FriendTests;
			productReference = FE76504B20030ED40014B33B /* FriendTests.xctest */;
			productType = "com.apple.product-type.bundle.unit-test";
		};
		FE76505520030ED40014B33B /* FriendUITests */ = {
			isa = PBXNativeTarget;
			buildConfigurationList = FE76506520030ED40014B33B /* Build configuration list for PBXNativeTarget "FriendUITests" */;
			buildPhases = (
				FE76505220030ED40014B33B /* Sources */,
				FE76505320030ED40014B33B /* Frameworks */,
				FE76505420030ED40014B33B /* Resources */,
			);
			buildRules = (
			);
			dependencies = (
				FE76505820030ED40014B33B /* PBXTargetDependency */,
			);
			name = FriendUITests;
			productName = FriendUITests;
			productReference = FE76505620030ED40014B33B /* FriendUITests.xctest */;
			productType = "com.apple.product-type.bundle.ui-testing";
		};
/* End PBXNativeTarget section */

/* Begin PBXProject section */
		FE76502B20030ED40014B33B /* Project object */ = {
			isa = PBXProject;
			attributes = {
				LastUpgradeCheck = 0920;
				ORGANIZATIONNAME = M;
				TargetAttributes = {
					FE76503220030ED40014B33B = {
						CreatedOnToolsVersion = 9.2;
						ProvisioningStyle = Automatic;
					};
					FE76504A20030ED40014B33B = {
						CreatedOnToolsVersion = 9.2;
						ProvisioningStyle = Automatic;
						TestTargetID = FE76503220030ED40014B33B;
					};
					FE76505520030ED40014B33B = {
						CreatedOnToolsVersion = 9.2;
						ProvisioningStyle = Automatic;
						TestTargetID = FE76503220030ED40014B33B;
					};
				};
			};
			buildConfigurationList = FE76502E20030ED40014B33B /* Build configuration list for PBXProject "Friend" */;
			compatibilityVersion = "Xcode 8.0";
			developmentRegion = en;
			hasScannedForEncodings = 0;
			knownRegions = (
				en,
				Base,
			);
			mainGroup = FE76502A20030ED40014B33B;
			productRefGroup = FE76503420030ED40014B33B /* Products */;
			projectDirPath = "";
			projectRoot = "";
			targets = (
				FE76503220030ED40014B33B /* Friend */,
				FE76504A20030ED40014B33B /* FriendTests */,
				FE76505520030ED40014B33B /* FriendUITests */,
			);
		};
/* End PBXProject section */

/* Begin PBXResourcesBuildPhase section */
		FE76503120030ED40014B33B /* Resources */ = {
			isa = PBXResourcesBuildPhase;
			buildActionMask = 2147483647;
			files = (
				FE76504320030ED40014B33B /* LaunchScreen.storyboard in Resources */,
				FE76504020030ED40014B33B /* Assets.xcassets in Resources */,
				FE5C20C92003245C008EC68A /* MBProgressHUD.bundle in Resources */,
			);
			runOnlyForDeploymentPostprocessing = 0;
		};
		FE76504920030ED40014B33B /* Resources */ = {
			isa = PBXResourcesBuildPhase;
			buildActionMask = 2147483647;
			files = (
			);
			runOnlyForDeploymentPostprocessing = 0;
		};
		FE76505420030ED40014B33B /* Resources */ = {
			isa = PBXResourcesBuildPhase;
			buildActionMask = 2147483647;
			files = (
			);
			runOnlyForDeploymentPostprocessing = 0;
		};
/* End PBXResourcesBuildPhase section */

/* Begin PBXShellScriptBuildPhase section */
		1D4E837E37ACAEC66B091228 /* [CP] Check Pods Manifest.lock */ = {
			isa = PBXShellScriptBuildPhase;
			buildActionMask = 2147483647;
			files = (
			);
			inputPaths = (
				"${PODS_PODFILE_DIR_PATH}/Podfile.lock",
				"${PODS_ROOT}/Manifest.lock",
			);
			name = "[CP] Check Pods Manifest.lock";
			outputPaths = (
				"$(DERIVED_FILE_DIR)/Pods-Friend-checkManifestLockResult.txt",
			);
			runOnlyForDeploymentPostprocessing = 0;
			shellPath = /bin/sh;
			shellScript = "diff \"${PODS_PODFILE_DIR_PATH}/Podfile.lock\" \"${PODS_ROOT}/Manifest.lock\" > /dev/null\nif [ $? != 0 ] ; then\n    # print error to STDERR\n    echo \"error: The sandbox is not in sync with the Podfile.lock. Run 'pod install' or update your CocoaPods installation.\" >&2\n    exit 1\nfi\n# This output is used by Xcode 'outputs' to avoid re-running this script phase.\necho \"SUCCESS\" > \"${SCRIPT_OUTPUT_FILE_0}\"\n";
			showEnvVarsInLog = 0;
		};
		D29C17CD5CBD10CA2D239590 /* [CP] Copy Pods Resources */ = {
			isa = PBXShellScriptBuildPhase;
			buildActionMask = 2147483647;
			files = (
			);
			inputPaths = (
			);
			name = "[CP] Copy Pods Resources";
			outputPaths = (
			);
			runOnlyForDeploymentPostprocessing = 0;
			shellPath = /bin/sh;
			shellScript = "\"${SRCROOT}/Pods/Target Support Files/Pods-Friend/Pods-Friend-resources.sh\"\n";
			showEnvVarsInLog = 0;
		};
		EFA76A51351686D7947CB3C8 /* [CP] Embed Pods Frameworks */ = {
			isa = PBXShellScriptBuildPhase;
			buildActionMask = 2147483647;
			files = (
			);
			inputPaths = (
				"${SRCROOT}/Pods/Target Support Files/Pods-Friend/Pods-Friend-frameworks.sh",
				"${BUILT_PRODUCTS_DIR}/AFNetworking/AFNetworking.framework",
				"${BUILT_PRODUCTS_DIR}/MJExtension/MJExtension.framework",
				"${BUILT_PRODUCTS_DIR}/MJRefresh/MJRefresh.framework",
				"${BUILT_PRODUCTS_DIR}/SDWebImage/SDWebImage.framework",
			);
			name = "[CP] Embed Pods Frameworks";
			outputPaths = (
				"${TARGET_BUILD_DIR}/${FRAMEWORKS_FOLDER_PATH}/AFNetworking.framework",
				"${TARGET_BUILD_DIR}/${FRAMEWORKS_FOLDER_PATH}/MJExtension.framework",
				"${TARGET_BUILD_DIR}/${FRAMEWORKS_FOLDER_PATH}/MJRefresh.framework",
				"${TARGET_BUILD_DIR}/${FRAMEWORKS_FOLDER_PATH}/SDWebImage.framework",
			);
			runOnlyForDeploymentPostprocessing = 0;
			shellPath = /bin/sh;
			shellScript = "\"${SRCROOT}/Pods/Target Support Files/Pods-Friend/Pods-Friend-frameworks.sh\"\n";
			showEnvVarsInLog = 0;
		};
/* End PBXShellScriptBuildPhase section */

/* Begin PBXSourcesBuildPhase section */
		FE76502F20030ED40014B33B /* Sources */ = {
			isa = PBXSourcesBuildPhase;
			buildActionMask = 2147483647;
			files = (
				FE76504620030ED40014B33B /* main.m in Sources */,
				FE5C20AC20031B87008EC68A /* UIColor+Hex.m in Sources */,
				FE5C20B720031BA9008EC68A /* BaseService.m in Sources */,
				FE5C20A820031B87008EC68A /* NSString+Extension.m in Sources */,
				FE5C20B620031BA9008EC68A /* AFHTTPClient.m in Sources */,
				FE76503820030ED40014B33B /* AppDelegate.m in Sources */,
				FE5C20A920031B87008EC68A /* UIView+Frame.m in Sources */,
				FE5C20C82003245C008EC68A /* MBProgressHUD+Add.m in Sources */,
				FE5C20C72003245C008EC68A /* MBProgressHUD.m in Sources */,
				FE5C209620031499008EC68A /* CustomNavigationController.m in Sources */,
				FE5C2099200314B4008EC68A /* HomeViewController.m in Sources */,
				FE5C209520031499008EC68A /* CustomTabBarController.m in Sources */,
				FEF8F27520035B2A00408AB0 /* MineViewController.m in Sources */,
				FEF8F2722003595400408AB0 /* UIBarButtonItem+Extension.m in Sources */,
				FE5C20C62003245C008EC68A /* Reachability.m in Sources */,
				FE5C20AD20031B87008EC68A /* NSArray+Extension.m in Sources */,
				FE5C20AA20031B87008EC68A /* UIImage+Extension.m in Sources */,
			);
			runOnlyForDeploymentPostprocessing = 0;
		};
		FE76504720030ED40014B33B /* Sources */ = {
			isa = PBXSourcesBuildPhase;
			buildActionMask = 2147483647;
			files = (
				FE76505020030ED40014B33B /* FriendTests.m in Sources */,
			);
			runOnlyForDeploymentPostprocessing = 0;
		};
		FE76505220030ED40014B33B /* Sources */ = {
			isa = PBXSourcesBuildPhase;
			buildActionMask = 2147483647;
			files = (
				FE76505B20030ED40014B33B /* FriendUITests.m in Sources */,
			);
			runOnlyForDeploymentPostprocessing = 0;
		};
/* End PBXSourcesBuildPhase section */

/* Begin PBXTargetDependency section */
		FE76504D20030ED40014B33B /* PBXTargetDependency */ = {
			isa = PBXTargetDependency;
			target = FE76503220030ED40014B33B /* Friend */;
			targetProxy = FE76504C20030ED40014B33B /* PBXContainerItemProxy */;
		};
		FE76505820030ED40014B33B /* PBXTargetDependency */ = {
			isa = PBXTargetDependency;
			target = FE76503220030ED40014B33B /* Friend */;
			targetProxy = FE76505720030ED40014B33B /* PBXContainerItemProxy */;
		};
/* End PBXTargetDependency section */

/* Begin PBXVariantGroup section */
		FE76504120030ED40014B33B /* LaunchScreen.storyboard */ = {
			isa = PBXVariantGroup;
			children = (
				FE76504220030ED40014B33B /* Base */,
			);
			name = LaunchScreen.storyboard;
			sourceTree = "<group>";
		};
/* End PBXVariantGroup section */

/* Begin XCBuildConfiguration section */
		FE76505D20030ED40014B33B /* Debug */ = {
			isa = XCBuildConfiguration;
			buildSettings = {
				ALWAYS_SEARCH_USER_PATHS = NO;
				CLANG_ANALYZER_NONNULL = YES;
				CLANG_ANALYZER_NUMBER_OBJECT_CONVERSION = YES_AGGRESSIVE;
				CLANG_CXX_LANGUAGE_STANDARD = "gnu++14";
				CLANG_CXX_LIBRARY = "libc++";
				CLANG_ENABLE_MODULES = YES;
				CLANG_ENABLE_OBJC_ARC = YES;
				CLANG_WARN_BLOCK_CAPTURE_AUTORELEASING = YES;
				CLANG_WARN_BOOL_CONVERSION = YES;
				CLANG_WARN_COMMA = YES;
				CLANG_WARN_CONSTANT_CONVERSION = YES;
				CLANG_WARN_DIRECT_OBJC_ISA_USAGE = YES_ERROR;
				CLANG_WARN_DOCUMENTATION_COMMENTS = YES;
				CLANG_WARN_EMPTY_BODY = YES;
				CLANG_WARN_ENUM_CONVERSION = YES;
				CLANG_WARN_INFINITE_RECURSION = YES;
				CLANG_WARN_INT_CONVERSION = YES;
				CLANG_WARN_NON_LITERAL_NULL_CONVERSION = YES;
				CLANG_WARN_OBJC_LITERAL_CONVERSION = YES;
				CLANG_WARN_OBJC_ROOT_CLASS = YES_ERROR;
				CLANG_WARN_RANGE_LOOP_ANALYSIS = YES;
				CLANG_WARN_STRICT_PROTOTYPES = YES;
				CLANG_WARN_SUSPICIOUS_MOVE = YES;
				CLANG_WARN_UNGUARDED_AVAILABILITY = YES_AGGRESSIVE;
				CLANG_WARN_UNREACHABLE_CODE = YES;
				CLANG_WARN__DUPLICATE_METHOD_MATCH = YES;
				CODE_SIGN_IDENTITY = "iPhone Developer";
				COPY_PHASE_STRIP = NO;
				DEBUG_INFORMATION_FORMAT = dwarf;
				ENABLE_STRICT_OBJC_MSGSEND = YES;
				ENABLE_TESTABILITY = YES;
				GCC_C_LANGUAGE_STANDARD = gnu11;
				GCC_DYNAMIC_NO_PIC = NO;
				GCC_NO_COMMON_BLOCKS = YES;
				GCC_OPTIMIZATION_LEVEL = 0;
				GCC_PREPROCESSOR_DEFINITIONS = (
					"DEBUG=1",
					"$(inherited)",
				);
				GCC_WARN_64_TO_32_BIT_CONVERSION = YES;
				GCC_WARN_ABOUT_RETURN_TYPE = YES_ERROR;
				GCC_WARN_UNDECLARED_SELECTOR = YES;
				GCC_WARN_UNINITIALIZED_AUTOS = YES_AGGRESSIVE;
				GCC_WARN_UNUSED_FUNCTION = YES;
				GCC_WARN_UNUSED_VARIABLE = YES;
				IPHONEOS_DEPLOYMENT_TARGET = 11.2;
				MTL_ENABLE_DEBUG_INFO = YES;
				ONLY_ACTIVE_ARCH = YES;
				SDKROOT = iphoneos;
			};
			name = Debug;
		};
		FE76505E20030ED40014B33B /* Release */ = {
			isa = XCBuildConfiguration;
			buildSettings = {
				ALWAYS_SEARCH_USER_PATHS = NO;
				CLANG_ANALYZER_NONNULL = YES;
				CLANG_ANALYZER_NUMBER_OBJECT_CONVERSION = YES_AGGRESSIVE;
				CLANG_CXX_LANGUAGE_STANDARD = "gnu++14";
				CLANG_CXX_LIBRARY = "libc++";
				CLANG_ENABLE_MODULES = YES;
				CLANG_ENABLE_OBJC_ARC = YES;
				CLANG_WARN_BLOCK_CAPTURE_AUTORELEASING = YES;
				CLANG_WARN_BOOL_CONVERSION = YES;
				CLANG_WARN_COMMA = YES;
				CLANG_WARN_CONSTANT_CONVERSION = YES;
				CLANG_WARN_DIRECT_OBJC_ISA_USAGE = YES_ERROR;
				CLANG_WARN_DOCUMENTATION_COMMENTS = YES;
				CLANG_WARN_EMPTY_BODY = YES;
				CLANG_WARN_ENUM_CONVERSION = YES;
				CLANG_WARN_INFINITE_RECURSION = YES;
				CLANG_WARN_INT_CONVERSION = YES;
				CLANG_WARN_NON_LITERAL_NULL_CONVERSION = YES;
				CLANG_WARN_OBJC_LITERAL_CONVERSION = YES;
				CLANG_WARN_OBJC_ROOT_CLASS = YES_ERROR;
				CLANG_WARN_RANGE_LOOP_ANALYSIS = YES;
				CLANG_WARN_STRICT_PROTOTYPES = YES;
				CLANG_WARN_SUSPICIOUS_MOVE = YES;
				CLANG_WARN_UNGUARDED_AVAILABILITY = YES_AGGRESSIVE;
				CLANG_WARN_UNREACHABLE_CODE = YES;
				CLANG_WARN__DUPLICATE_METHOD_MATCH = YES;
				CODE_SIGN_IDENTITY = "iPhone Developer";
				COPY_PHASE_STRIP = NO;
				DEBUG_INFORMATION_FORMAT = "dwarf-with-dsym";
				ENABLE_NS_ASSERTIONS = NO;
				ENABLE_STRICT_OBJC_MSGSEND = YES;
				GCC_C_LANGUAGE_STANDARD = gnu11;
				GCC_NO_COMMON_BLOCKS = YES;
				GCC_WARN_64_TO_32_BIT_CONVERSION = YES;
				GCC_WARN_ABOUT_RETURN_TYPE = YES_ERROR;
				GCC_WARN_UNDECLARED_SELECTOR = YES;
				GCC_WARN_UNINITIALIZED_AUTOS = YES_AGGRESSIVE;
				GCC_WARN_UNUSED_FUNCTION = YES;
				GCC_WARN_UNUSED_VARIABLE = YES;
				IPHONEOS_DEPLOYMENT_TARGET = 11.2;
				MTL_ENABLE_DEBUG_INFO = NO;
				SDKROOT = iphoneos;
				VALIDATE_PRODUCT = YES;
			};
			name = Release;
		};
		FE76506020030ED40014B33B /* Debug */ = {
			isa = XCBuildConfiguration;
			baseConfigurationReference = B782D1BCE480136A627D6BCD /* Pods-Friend.debug.xcconfig */;
			buildSettings = {
				ASSETCATALOG_COMPILER_APPICON_NAME = AppIcon;
				CODE_SIGN_STYLE = Automatic;
				DEVELOPMENT_TEAM = QH97S56G79;
				FRAMEWORK_SEARCH_PATHS = (
					"$(inherited)",
					"$(PROJECT_DIR)/Friend/Vendors/UMSocial/UMSocialUI",
					"$(PROJECT_DIR)/Friend/Vendors/UMSocial/UMSocialSDK",
					"$(PROJECT_DIR)/Friend/Vendors/UMSocial/SocialLibraries/QQ/QQSDK",
				);
				GCC_PRECOMPILE_PREFIX_HEADER = YES;
				GCC_PREFIX_HEADER = Friend/Macro/M.pch;
				INFOPLIST_FILE = Friend/Info.plist;
				IPHONEOS_DEPLOYMENT_TARGET = 10.0;
				LD_RUNPATH_SEARCH_PATHS = "$(inherited) @executable_path/Frameworks";
				LIBRARY_SEARCH_PATHS = (
					"$(inherited)",
					"$(PROJECT_DIR)/Friend/Vendors/UMMessage/UMessage_Sdk_1.4.0",
					"$(PROJECT_DIR)/Friend/Vendors/UMSocial/SocialLibraries/UniqueId",
					"$(PROJECT_DIR)/Friend/Vendors/UMSocial/SocialLibraries/WeChat",
					"$(PROJECT_DIR)/Friend/Vendors/UMSocial/SocialLibraries/WeChat/WechatSDK",
					"$(PROJECT_DIR)/Friend/Vendors/UMSocial/SocialLibraries/Sina",
					"$(PROJECT_DIR)/Friend/Vendors/UMSocial/SocialLibraries/Sina/SinaSDK",
					"$(PROJECT_DIR)/Friend/Vendors/UMSocial/SocialLibraries/QQ",
					"$(PROJECT_DIR)/Friend/Vendors/UMSocial/UMSocialSDKPlugin",
				);
				PRODUCT_BUNDLE_IDENTIFIER = JY.Friend;
				PRODUCT_NAME = "$(TARGET_NAME)";
				TARGETED_DEVICE_FAMILY = 1;
			};
			name = Debug;
		};
		FE76506120030ED40014B33B /* Release */ = {
			isa = XCBuildConfiguration;
			baseConfigurationReference = 55356A175621E4F64504ABB5 /* Pods-Friend.release.xcconfig */;
			buildSettings = {
				ASSETCATALOG_COMPILER_APPICON_NAME = AppIcon;
				CODE_SIGN_STYLE = Automatic;
				DEVELOPMENT_TEAM = QH97S56G79;
				FRAMEWORK_SEARCH_PATHS = (
					"$(inherited)",
					"$(PROJECT_DIR)/Friend/Vendors/UMSocial/UMSocialUI",
					"$(PROJECT_DIR)/Friend/Vendors/UMSocial/UMSocialSDK",
					"$(PROJECT_DIR)/Friend/Vendors/UMSocial/SocialLibraries/QQ/QQSDK",
				);
				GCC_PRECOMPILE_PREFIX_HEADER = YES;
				GCC_PREFIX_HEADER = Friend/Macro/M.pch;
				INFOPLIST_FILE = Friend/Info.plist;
				IPHONEOS_DEPLOYMENT_TARGET = 10.0;
				LD_RUNPATH_SEARCH_PATHS = "$(inherited) @executable_path/Frameworks";
				LIBRARY_SEARCH_PATHS = (
					"$(inherited)",
					"$(PROJECT_DIR)/Friend/Vendors/UMMessage/UMessage_Sdk_1.4.0",
					"$(PROJECT_DIR)/Friend/Vendors/UMSocial/SocialLibraries/UniqueId",
					"$(PROJECT_DIR)/Friend/Vendors/UMSocial/SocialLibraries/WeChat",
					"$(PROJECT_DIR)/Friend/Vendors/UMSocial/SocialLibraries/WeChat/WechatSDK",
					"$(PROJECT_DIR)/Friend/Vendors/UMSocial/SocialLibraries/Sina",
					"$(PROJECT_DIR)/Friend/Vendors/UMSocial/SocialLibraries/Sina/SinaSDK",
					"$(PROJECT_DIR)/Friend/Vendors/UMSocial/SocialLibraries/QQ",
					"$(PROJECT_DIR)/Friend/Vendors/UMSocial/UMSocialSDKPlugin",
				);
				PRODUCT_BUNDLE_IDENTIFIER = JY.Friend;
				PRODUCT_NAME = "$(TARGET_NAME)";
				TARGETED_DEVICE_FAMILY = 1;
			};
			name = Release;
		};
		FE76506320030ED40014B33B /* Debug */ = {
			isa = XCBuildConfiguration;
			buildSettings = {
				BUNDLE_LOADER = "$(TEST_HOST)";
				CODE_SIGN_STYLE = Automatic;
				DEVELOPMENT_TEAM = QH97S56G79;
				INFOPLIST_FILE = FriendTests/Info.plist;
				LD_RUNPATH_SEARCH_PATHS = "$(inherited) @executable_path/Frameworks @loader_path/Frameworks";
				PRODUCT_BUNDLE_IDENTIFIER = JY.FriendTests;
				PRODUCT_NAME = "$(TARGET_NAME)";
				TARGETED_DEVICE_FAMILY = "1,2";
				TEST_HOST = "$(BUILT_PRODUCTS_DIR)/Friend.app/Friend";
			};
			name = Debug;
		};
		FE76506420030ED40014B33B /* Release */ = {
			isa = XCBuildConfiguration;
			buildSettings = {
				BUNDLE_LOADER = "$(TEST_HOST)";
				CODE_SIGN_STYLE = Automatic;
				DEVELOPMENT_TEAM = QH97S56G79;
				INFOPLIST_FILE = FriendTests/Info.plist;
				LD_RUNPATH_SEARCH_PATHS = "$(inherited) @executable_path/Frameworks @loader_path/Frameworks";
				PRODUCT_BUNDLE_IDENTIFIER = JY.FriendTests;
				PRODUCT_NAME = "$(TARGET_NAME)";
				TARGETED_DEVICE_FAMILY = "1,2";
				TEST_HOST = "$(BUILT_PRODUCTS_DIR)/Friend.app/Friend";
			};
			name = Release;
		};
		FE76506620030ED40014B33B /* Debug */ = {
			isa = XCBuildConfiguration;
			buildSettings = {
				CODE_SIGN_STYLE = Automatic;
				DEVELOPMENT_TEAM = QH97S56G79;
				INFOPLIST_FILE = FriendUITests/Info.plist;
				LD_RUNPATH_SEARCH_PATHS = "$(inherited) @executable_path/Frameworks @loader_path/Frameworks";
				PRODUCT_BUNDLE_IDENTIFIER = JY.FriendUITests;
				PRODUCT_NAME = "$(TARGET_NAME)";
				TARGETED_DEVICE_FAMILY = "1,2";
				TEST_TARGET_NAME = Friend;
			};
			name = Debug;
		};
		FE76506720030ED40014B33B /* Release */ = {
			isa = XCBuildConfiguration;
			buildSettings = {
				CODE_SIGN_STYLE = Automatic;
				DEVELOPMENT_TEAM = QH97S56G79;
				INFOPLIST_FILE = FriendUITests/Info.plist;
				LD_RUNPATH_SEARCH_PATHS = "$(inherited) @executable_path/Frameworks @loader_path/Frameworks";
				PRODUCT_BUNDLE_IDENTIFIER = JY.FriendUITests;
				PRODUCT_NAME = "$(TARGET_NAME)";
				TARGETED_DEVICE_FAMILY = "1,2";
				TEST_TARGET_NAME = Friend;
			};
			name = Release;
		};
/* End XCBuildConfiguration section */

/* Begin XCConfigurationList section */
		FE76502E20030ED40014B33B /* Build configuration list for PBXProject "Friend" */ = {
			isa = XCConfigurationList;
			buildConfigurations = (
				FE76505D20030ED40014B33B /* Debug */,
				FE76505E20030ED40014B33B /* Release */,
			);
			defaultConfigurationIsVisible = 0;
			defaultConfigurationName = Release;
		};
		FE76505F20030ED40014B33B /* Build configuration list for PBXNativeTarget "Friend" */ = {
			isa = XCConfigurationList;
			buildConfigurations = (
				FE76506020030ED40014B33B /* Debug */,
				FE76506120030ED40014B33B /* Release */,
			);
			defaultConfigurationIsVisible = 0;
			defaultConfigurationName = Release;
		};
		FE76506220030ED40014B33B /* Build configuration list for PBXNativeTarget "FriendTests" */ = {
			isa = XCConfigurationList;
			buildConfigurations = (
				FE76506320030ED40014B33B /* Debug */,
				FE76506420030ED40014B33B /* Release */,
			);
			defaultConfigurationIsVisible = 0;
			defaultConfigurationName = Release;
		};
		FE76506520030ED40014B33B /* Build configuration list for PBXNativeTarget "FriendUITests" */ = {
			isa = XCConfigurationList;
			buildConfigurations = (
				FE76506620030ED40014B33B /* Debug */,
				FE76506720030ED40014B33B /* Release */,
			);
			defaultConfigurationIsVisible = 0;
			defaultConfigurationName = Release;
		};
/* End XCConfigurationList section */
	};
	rootObject = FE76502B20030ED40014B33B /* Project object */;
}
